<?xml version="1.0" encoding="UTF-8" standalone="yes" ?>
<CodeBlocks_project_file>
	<FileVersion major="1" minor="6" />
	<Project>
		<Option title="smart-hospital-and-resource-allocation-system" />
		<Option pch_mode="2" />
		<Option compiler="gcc" />
		<Build>
			<Target title="Debug">
				<Option output="bin/Debug/smart-hospital-and-resource-allocation-system" prefix_auto="1" extension_auto="1" />
				<Option object_output="obj/Debug/" />
				<Option type="1" />
				<Option compiler="gcc" />
				<Compiler>
					<Add option="-g" />
				</Compiler>
			</Target>
			<Target title="Release">
				<Option output="bin/Release/smart-hospital-and-resource-allocation-system" prefix_auto="1" extension_auto="1" />
				<Option object_output="obj/Release/" />
				<Option type="1" />
				<Option compiler="gcc" />
				<Compiler>
					<Add option="-O2" />
				</Compiler>
				<Linker>
					<Add option="-s" />
				</Linker>
			</Target>
		</Build>
		<Compiler>
			<Add option="-Wall" />
		</Compiler>
		<Unit filename="BedOccupancy.c">
			<Option compilerVar="CC" />
		</Unit>
		<Unit filename="BedOccupancy.h" />
		<Unit filename="BillCalculations.c">
			<Option compilerVar="CC" />
		</Unit>
		<Unit filename="BillCalculations.h" />
		<Unit filename="PatientIntake.c">
			<Option compilerVar="CC" />
		</Unit>
		<Unit filename="PatientIntake.h" />
		<Unit filename="fileHandling.c">
			<Option compilerVar="CC" />
		</Unit>
		<Unit filename="fileHandling.h" />
		<Unit filename="hospitalData.c">
			<Option compilerVar="CC" />
		</Unit>
		<Unit filename="hospitalData.h" />
		<Unit filename="main.c">
			<Option compilerVar="CC" />
		</Unit>
		<Unit filename="mainMenu.c">
			<Option compilerVar="CC" />
		</Unit>
		<Unit filename="mainMenu.h" />
		<Unit filename="patientDisplay.c">
			<Option compilerVar="CC" />
		</Unit>
		<Unit filename="patientDisplay.h" />
		<Unit filename="patientSearch.c">
			<Option compilerVar="CC" />
		</Unit>
		<Unit filename="patientSearch.h" />
		<Unit filename="patientSort.c">
			<Option compilerVar="CC" />
		</Unit>
		<Unit filename="patientSort.h" />
		<Unit filename="performanceReports.c">
			<Option compilerVar="CC" />
		</Unit>
		<Unit filename="performanceReports.h" />
		<Unit filename="printBill.c">
			<Option compilerVar="CC" />
		</Unit>
		<Unit filename="printBill.h" />
		<Unit filename="waitingTime.c">
			<Option compilerVar="CC" />
		</Unit>
		<Unit filename="waitingTime.h" />
		<Extensions />
	</Project>
</CodeBlocks_project_file>
